
Microsoft Visual Studio Solution File, Format Version 12.00
# Visual Studio Version 17
VisualStudioVersion = 17.9.34728.123
MinimumVisualStudioVersion = 10.0.40219.1
Project("{FAE04EC0-301F-11D3-BF4B-00C04F79EFBC}") = "ECommerceAPI", "ECommerceAPI\ECommerceAPI.csproj", "{FCA35C18-4BD4-4456-BE96-447B588F5A24}"
EndProject
Global
	GlobalSection(SolutionConfigurationPlatforms) = preSolution
		Debug|Any CPU = Debug|Any CPU
		Release|Any CPU = Release|Any CPU
	EndGlobalSection
	GlobalSection(ProjectConfigurationPlatforms) = postSolution
		{FCA35C18-4BD4-4456-BE96-447B588F5A24}.Debug|Any CPU.ActiveCfg = Debug|Any CPU
		{FCA35C18-4BD4-4456-BE96-447B588F5A24}.Debug|Any CPU.Build.0 = Debug|Any CPU
		{FCA35C18-4BD4-4456-BE96-447B588F5A24}.Release|Any CPU.ActiveCfg = Release|Any CPU
		{FCA35C18-4BD4-4456-BE96-447B588F5A24}.Release|Any CPU.Build.0 = Release|Any CPU
	EndGlobalSection
	GlobalSection(SolutionProperties) = preSolution
		HideSolutionNode = FALSE
	EndGlobalSection
	GlobalSection(ExtensibilityGlobals) = postSolution
		SolutionGuid = {D09BBE7B-E440-466D-8C3B-55E94C7921B2}
	EndGlobalSection
EndGlobal
